
Microsoft Visual Studio Solution File, Format Version 12.00
# Visual Studio Version 17
VisualStudioVersion = 17.0.31903.59
MinimumVisualStudioVersion = 10.0.40219.1
Project("{2150E333-8FDC-42A3-9474-1A3956D46DE8}") = "src", "src", "{827E0CD3-B72D-47B6-A68D-7590B98EB39B}"
EndProject
Project("{FAE04EC0-301F-11D3-BF4B-00C04F79EFBC}") = "VFR.AppHost", "src\VFR.AppHost\VFR.AppHost.csproj", "{654F7902-86DE-4B7F-84B2-B5512EC14924}"
EndProject
Project("{FAE04EC0-301F-11D3-BF4B-00C04F79EFBC}") = "VFR.ServiceDefaults", "src\VFR.ServiceDefaults\VFR.ServiceDefaults.csproj", "{A5720F90-7BCE-4317-9735-C8C62CB1666C}"
EndProject
Project("{FAE04EC0-301F-11D3-BF4B-00C04F79EFBC}") = "VFR.ProfileApi", "src\VFR.ProfileApi\VFR.ProfileApi.csproj", "{6B776493-8CB3-4E30-B877-7FF2FB24B4D1}"
EndProject
Project("{2150E333-8FDC-42A3-9474-1A3956D46DE8}") = "VFR.Auth", "VFR.Auth", "{57D842A4-3BFA-1DF7-889F-81FB7D0A6BE8}"
EndProject
Project("{FAE04EC0-301F-11D3-BF4B-00C04F79EFBC}") = "ApplicationAuth", "src\VFR.Auth\ApplicationAuth\ApplicationAuth.csproj", "{5F95D3E4-3629-4AC9-BF5D-8A9803C30C31}"
EndProject
Project("{FAE04EC0-301F-11D3-BF4B-00C04F79EFBC}") = "ApplicationAuth.DAL", "src\VFR.Auth\ApplicationAuth.DAL\ApplicationAuth.DAL.csproj", "{6C160444-74AD-497E-A01C-CA0FA25C79C5}"
EndProject
Project("{FAE04EC0-301F-11D3-BF4B-00C04F79EFBC}") = "ApplicationAuth.Domain", "src\VFR.Auth\ApplicationAuth.Domain\ApplicationAuth.Domain.csproj", "{76073D98-2A50-4D47-A219-62DF4A625A3C}"
EndProject
Project("{FAE04EC0-301F-11D3-BF4B-00C04F79EFBC}") = "ApplicationAuth.Common", "src\VFR.Auth\ApplicationAuth.Common\ApplicationAuth.Common.csproj", "{C103BBBE-12F5-44BF-9382-D5A4F2638CAD}"
EndProject
Project("{FAE04EC0-301F-11D3-BF4B-00C04F79EFBC}") = "ApplicationAuth.ResourceLibrary", "src\VFR.Auth\ApplicationAuth.ResourceLibrary\ApplicationAuth.ResourceLibrary.csproj", "{610DDA53-6DB9-4815-8C64-BF0EA1C34A9F}"
EndProject
Project("{FAE04EC0-301F-11D3-BF4B-00C04F79EFBC}") = "VFR.Protos", "src\VFR.Protos\VFR.Protos.csproj", "{F43E5553-D0A9-4B96-80F2-F78E5C939AB8}"
EndProject
Project("{FAE04EC0-301F-11D3-BF4B-00C04F79EFBC}") = "VFR.Web", "src\VFR.Web\VFR.Web.csproj", "{332C6FAA-3290-4057-95B5-6DD55B8B5D33}"
EndProject
Global
	GlobalSection(SolutionConfigurationPlatforms) = preSolution
		Debug|Any CPU = Debug|Any CPU
		Debug|x64 = Debug|x64
		Debug|x86 = Debug|x86
		Release|Any CPU = Release|Any CPU
		Release|x64 = Release|x64
		Release|x86 = Release|x86
	EndGlobalSection
	GlobalSection(ProjectConfigurationPlatforms) = postSolution
		{654F7902-86DE-4B7F-84B2-B5512EC14924}.Debug|Any CPU.ActiveCfg = Debug|Any CPU
		{654F7902-86DE-4B7F-84B2-B5512EC14924}.Debug|Any CPU.Build.0 = Debug|Any CPU
		{654F7902-86DE-4B7F-84B2-B5512EC14924}.Debug|x64.ActiveCfg = Debug|Any CPU
		{654F7902-86DE-4B7F-84B2-B5512EC14924}.Debug|x64.Build.0 = Debug|Any CPU
		{654F7902-86DE-4B7F-84B2-B5512EC14924}.Debug|x86.ActiveCfg = Debug|Any CPU
		{654F7902-86DE-4B7F-84B2-B5512EC14924}.Debug|x86.Build.0 = Debug|Any CPU
		{654F7902-86DE-4B7F-84B2-B5512EC14924}.Release|Any CPU.ActiveCfg = Release|Any CPU
		{654F7902-86DE-4B7F-84B2-B5512EC14924}.Release|Any CPU.Build.0 = Release|Any CPU
		{654F7902-86DE-4B7F-84B2-B5512EC14924}.Release|x64.ActiveCfg = Release|Any CPU
		{654F7902-86DE-4B7F-84B2-B5512EC14924}.Release|x64.Build.0 = Release|Any CPU
		{654F7902-86DE-4B7F-84B2-B5512EC14924}.Release|x86.ActiveCfg = Release|Any CPU
		{654F7902-86DE-4B7F-84B2-B5512EC14924}.Release|x86.Build.0 = Release|Any CPU
		{A5720F90-7BCE-4317-9735-C8C62CB1666C}.Debug|Any CPU.ActiveCfg = Debug|Any CPU
		{A5720F90-7BCE-4317-9735-C8C62CB1666C}.Debug|Any CPU.Build.0 = Debug|Any CPU
		{A5720F90-7BCE-4317-9735-C8C62CB1666C}.Debug|x64.ActiveCfg = Debug|Any CPU
		{A5720F90-7BCE-4317-9735-C8C62CB1666C}.Debug|x64.Build.0 = Debug|Any CPU
		{A5720F90-7BCE-4317-9735-C8C62CB1666C}.Debug|x86.ActiveCfg = Debug|Any CPU
		{A5720F90-7BCE-4317-9735-C8C62CB1666C}.Debug|x86.Build.0 = Debug|Any CPU
		{A5720F90-7BCE-4317-9735-C8C62CB1666C}.Release|Any CPU.ActiveCfg = Release|Any CPU
		{A5720F90-7BCE-4317-9735-C8C62CB1666C}.Release|Any CPU.Build.0 = Release|Any CPU
		{A5720F90-7BCE-4317-9735-C8C62CB1666C}.Release|x64.ActiveCfg = Release|Any CPU
		{A5720F90-7BCE-4317-9735-C8C62CB1666C}.Release|x64.Build.0 = Release|Any CPU
		{A5720F90-7BCE-4317-9735-C8C62CB1666C}.Release|x86.ActiveCfg = Release|Any CPU
		{A5720F90-7BCE-4317-9735-C8C62CB1666C}.Release|x86.Build.0 = Release|Any CPU
		{6B776493-8CB3-4E30-B877-7FF2FB24B4D1}.Debug|Any CPU.ActiveCfg = Debug|Any CPU
		{6B776493-8CB3-4E30-B877-7FF2FB24B4D1}.Debug|Any CPU.Build.0 = Debug|Any CPU
		{6B776493-8CB3-4E30-B877-7FF2FB24B4D1}.Debug|x64.ActiveCfg = Debug|Any CPU
		{6B776493-8CB3-4E30-B877-7FF2FB24B4D1}.Debug|x64.Build.0 = Debug|Any CPU
		{6B776493-8CB3-4E30-B877-7FF2FB24B4D1}.Debug|x86.ActiveCfg = Debug|Any CPU
		{6B776493-8CB3-4E30-B877-7FF2FB24B4D1}.Debug|x86.Build.0 = Debug|Any CPU
		{6B776493-8CB3-4E30-B877-7FF2FB24B4D1}.Release|Any CPU.ActiveCfg = Release|Any CPU
		{6B776493-8CB3-4E30-B877-7FF2FB24B4D1}.Release|Any CPU.Build.0 = Release|Any CPU
		{6B776493-8CB3-4E30-B877-7FF2FB24B4D1}.Release|x64.ActiveCfg = Release|Any CPU
		{6B776493-8CB3-4E30-B877-7FF2FB24B4D1}.Release|x64.Build.0 = Release|Any CPU
		{6B776493-8CB3-4E30-B877-7FF2FB24B4D1}.Release|x86.ActiveCfg = Release|Any CPU
		{6B776493-8CB3-4E30-B877-7FF2FB24B4D1}.Release|x86.Build.0 = Release|Any CPU
		{5F95D3E4-3629-4AC9-BF5D-8A9803C30C31}.Debug|Any CPU.ActiveCfg = Debug|Any CPU
		{5F95D3E4-3629-4AC9-BF5D-8A9803C30C31}.Debug|Any CPU.Build.0 = Debug|Any CPU
		{5F95D3E4-3629-4AC9-BF5D-8A9803C30C31}.Debug|x64.ActiveCfg = Debug|Any CPU
		{5F95D3E4-3629-4AC9-BF5D-8A9803C30C31}.Debug|x64.Build.0 = Debug|Any CPU
		{5F95D3E4-3629-4AC9-BF5D-8A9803C30C31}.Debug|x86.ActiveCfg = Debug|Any CPU
		{5F95D3E4-3629-4AC9-BF5D-8A9803C30C31}.Debug|x86.Build.0 = Debug|Any CPU
		{5F95D3E4-3629-4AC9-BF5D-8A9803C30C31}.Release|Any CPU.ActiveCfg = Release|Any CPU
		{5F95D3E4-3629-4AC9-BF5D-8A9803C30C31}.Release|Any CPU.Build.0 = Release|Any CPU
		{5F95D3E4-3629-4AC9-BF5D-8A9803C30C31}.Release|x64.ActiveCfg = Release|Any CPU
		{5F95D3E4-3629-4AC9-BF5D-8A9803C30C31}.Release|x64.Build.0 = Release|Any CPU
		{5F95D3E4-3629-4AC9-BF5D-8A9803C30C31}.Release|x86.ActiveCfg = Release|Any CPU
		{5F95D3E4-3629-4AC9-BF5D-8A9803C30C31}.Release|x86.Build.0 = Release|Any CPU
		{6C160444-74AD-497E-A01C-CA0FA25C79C5}.Debug|Any CPU.ActiveCfg = Debug|Any CPU
		{6C160444-74AD-497E-A01C-CA0FA25C79C5}.Debug|Any CPU.Build.0 = Debug|Any CPU
		{6C160444-74AD-497E-A01C-CA0FA25C79C5}.Debug|x64.ActiveCfg = Debug|Any CPU
		{6C160444-74AD-497E-A01C-CA0FA25C79C5}.Debug|x64.Build.0 = Debug|Any CPU
		{6C160444-74AD-497E-A01C-CA0FA25C79C5}.Debug|x86.ActiveCfg = Debug|Any CPU
		{6C160444-74AD-497E-A01C-CA0FA25C79C5}.Debug|x86.Build.0 = Debug|Any CPU
		{6C160444-74AD-497E-A01C-CA0FA25C79C5}.Release|Any CPU.ActiveCfg = Release|Any CPU
		{6C160444-74AD-497E-A01C-CA0FA25C79C5}.Release|Any CPU.Build.0 = Release|Any CPU
		{6C160444-74AD-497E-A01C-CA0FA25C79C5}.Release|x64.ActiveCfg = Release|Any CPU
		{6C160444-74AD-497E-A01C-CA0FA25C79C5}.Release|x64.Build.0 = Release|Any CPU
		{6C160444-74AD-497E-A01C-CA0FA25C79C5}.Release|x86.ActiveCfg = Release|Any CPU
		{6C160444-74AD-497E-A01C-CA0FA25C79C5}.Release|x86.Build.0 = Release|Any CPU
		{76073D98-2A50-4D47-A219-62DF4A625A3C}.Debug|Any CPU.ActiveCfg = Debug|Any CPU
		{76073D98-2A50-4D47-A219-62DF4A625A3C}.Debug|Any CPU.Build.0 = Debug|Any CPU
		{76073D98-2A50-4D47-A219-62DF4A625A3C}.Debug|x64.ActiveCfg = Debug|Any CPU
		{76073D98-2A50-4D47-A219-62DF4A625A3C}.Debug|x64.Build.0 = Debug|Any CPU
		{76073D98-2A50-4D47-A219-62DF4A625A3C}.Debug|x86.ActiveCfg = Debug|Any CPU
		{76073D98-2A50-4D47-A219-62DF4A625A3C}.Debug|x86.Build.0 = Debug|Any CPU
		{76073D98-2A50-4D47-A219-62DF4A625A3C}.Release|Any CPU.ActiveCfg = Release|Any CPU
		{76073D98-2A50-4D47-A219-62DF4A625A3C}.Release|Any CPU.Build.0 = Release|Any CPU
		{76073D98-2A50-4D47-A219-62DF4A625A3C}.Release|x64.ActiveCfg = Release|Any CPU
		{76073D98-2A50-4D47-A219-62DF4A625A3C}.Release|x64.Build.0 = Release|Any CPU
		{76073D98-2A50-4D47-A219-62DF4A625A3C}.Release|x86.ActiveCfg = Release|Any CPU
		{76073D98-2A50-4D47-A219-62DF4A625A3C}.Release|x86.Build.0 = Release|Any CPU
		{C103BBBE-12F5-44BF-9382-D5A4F2638CAD}.Debug|Any CPU.ActiveCfg = Debug|Any CPU
		{C103BBBE-12F5-44BF-9382-D5A4F2638CAD}.Debug|Any CPU.Build.0 = Debug|Any CPU
		{C103BBBE-12F5-44BF-9382-D5A4F2638CAD}.Debug|x64.ActiveCfg = Debug|Any CPU
		{C103BBBE-12F5-44BF-9382-D5A4F2638CAD}.Debug|x64.Build.0 = Debug|Any CPU
		{C103BBBE-12F5-44BF-9382-D5A4F2638CAD}.Debug|x86.ActiveCfg = Debug|Any CPU
		{C103BBBE-12F5-44BF-9382-D5A4F2638CAD}.Debug|x86.Build.0 = Debug|Any CPU
		{C103BBBE-12F5-44BF-9382-D5A4F2638CAD}.Release|Any CPU.ActiveCfg = Release|Any CPU
		{C103BBBE-12F5-44BF-9382-D5A4F2638CAD}.Release|Any CPU.Build.0 = Release|Any CPU
		{C103BBBE-12F5-44BF-9382-D5A4F2638CAD}.Release|x64.ActiveCfg = Release|Any CPU
		{C103BBBE-12F5-44BF-9382-D5A4F2638CAD}.Release|x64.Build.0 = Release|Any CPU
		{C103BBBE-12F5-44BF-9382-D5A4F2638CAD}.Release|x86.ActiveCfg = Release|Any CPU
		{C103BBBE-12F5-44BF-9382-D5A4F2638CAD}.Release|x86.Build.0 = Release|Any CPU
		{610DDA53-6DB9-4815-8C64-BF0EA1C34A9F}.Debug|Any CPU.ActiveCfg = Debug|Any CPU
		{610DDA53-6DB9-4815-8C64-BF0EA1C34A9F}.Debug|Any CPU.Build.0 = Debug|Any CPU
		{610DDA53-6DB9-4815-8C64-BF0EA1C34A9F}.Debug|x64.ActiveCfg = Debug|Any CPU
		{610DDA53-6DB9-4815-8C64-BF0EA1C34A9F}.Debug|x64.Build.0 = Debug|Any CPU
		{610DDA53-6DB9-4815-8C64-BF0EA1C34A9F}.Debug|x86.ActiveCfg = Debug|Any CPU
		{610DDA53-6DB9-4815-8C64-BF0EA1C34A9F}.Debug|x86.Build.0 = Debug|Any CPU
		{610DDA53-6DB9-4815-8C64-BF0EA1C34A9F}.Release|Any CPU.ActiveCfg = Release|Any CPU
		{610DDA53-6DB9-4815-8C64-BF0EA1C34A9F}.Release|Any CPU.Build.0 = Release|Any CPU
		{610DDA53-6DB9-4815-8C64-BF0EA1C34A9F}.Release|x64.ActiveCfg = Release|Any CPU
		{610DDA53-6DB9-4815-8C64-BF0EA1C34A9F}.Release|x64.Build.0 = Release|Any CPU
		{610DDA53-6DB9-4815-8C64-BF0EA1C34A9F}.Release|x86.ActiveCfg = Release|Any CPU
		{610DDA53-6DB9-4815-8C64-BF0EA1C34A9F}.Release|x86.Build.0 = Release|Any CPU
		{F43E5553-D0A9-4B96-80F2-F78E5C939AB8}.Debug|Any CPU.ActiveCfg = Debug|Any CPU
		{F43E5553-D0A9-4B96-80F2-F78E5C939AB8}.Debug|Any CPU.Build.0 = Debug|Any CPU
		{F43E5553-D0A9-4B96-80F2-F78E5C939AB8}.Debug|x64.ActiveCfg = Debug|Any CPU
		{F43E5553-D0A9-4B96-80F2-F78E5C939AB8}.Debug|x64.Build.0 = Debug|Any CPU
		{F43E5553-D0A9-4B96-80F2-F78E5C939AB8}.Debug|x86.ActiveCfg = Debug|Any CPU
		{F43E5553-D0A9-4B96-80F2-F78E5C939AB8}.Debug|x86.Build.0 = Debug|Any CPU
		{F43E5553-D0A9-4B96-80F2-F78E5C939AB8}.Release|Any CPU.ActiveCfg = Release|Any CPU
		{F43E5553-D0A9-4B96-80F2-F78E5C939AB8}.Release|Any CPU.Build.0 = Release|Any CPU
		{F43E5553-D0A9-4B96-80F2-F78E5C939AB8}.Release|x64.ActiveCfg = Release|Any CPU
		{F43E5553-D0A9-4B96-80F2-F78E5C939AB8}.Release|x64.Build.0 = Release|Any CPU
		{F43E5553-D0A9-4B96-80F2-F78E5C939AB8}.Release|x86.ActiveCfg = Release|Any CPU
		{F43E5553-D0A9-4B96-80F2-F78E5C939AB8}.Release|x86.Build.0 = Release|Any CPU
		{332C6FAA-3290-4057-95B5-6DD55B8B5D33}.Debug|Any CPU.ActiveCfg = Debug|Any CPU
		{332C6FAA-3290-4057-95B5-6DD55B8B5D33}.Debug|Any CPU.Build.0 = Debug|Any CPU
		{332C6FAA-3290-4057-95B5-6DD55B8B5D33}.Debug|x64.ActiveCfg = Debug|Any CPU
		{332C6FAA-3290-4057-95B5-6DD55B8B5D33}.Debug|x64.Build.0 = Debug|Any CPU
		{332C6FAA-3290-4057-95B5-6DD55B8B5D33}.Debug|x86.ActiveCfg = Debug|Any CPU
		{332C6FAA-3290-4057-95B5-6DD55B8B5D33}.Debug|x86.Build.0 = Debug|Any CPU
		{332C6FAA-3290-4057-95B5-6DD55B8B5D33}.Release|Any CPU.ActiveCfg = Release|Any CPU
		{332C6FAA-3290-4057-95B5-6DD55B8B5D33}.Release|Any CPU.Build.0 = Release|Any CPU
		{332C6FAA-3290-4057-95B5-6DD55B8B5D33}.Release|x64.ActiveCfg = Release|Any CPU
		{332C6FAA-3290-4057-95B5-6DD55B8B5D33}.Release|x64.Build.0 = Release|Any CPU
		{332C6FAA-3290-4057-95B5-6DD55B8B5D33}.Release|x86.ActiveCfg = Release|Any CPU
		{332C6FAA-3290-4057-95B5-6DD55B8B5D33}.Release|x86.Build.0 = Release|Any CPU
	EndGlobalSection
	GlobalSection(SolutionProperties) = preSolution
		HideSolutionNode = FALSE
	EndGlobalSection
	GlobalSection(NestedProjects) = preSolution
		{654F7902-86DE-4B7F-84B2-B5512EC14924} = {827E0CD3-B72D-47B6-A68D-7590B98EB39B}
		{A5720F90-7BCE-4317-9735-C8C62CB1666C} = {827E0CD3-B72D-47B6-A68D-7590B98EB39B}
		{6B776493-8CB3-4E30-B877-7FF2FB24B4D1} = {827E0CD3-B72D-47B6-A68D-7590B98EB39B}
		{57D842A4-3BFA-1DF7-889F-81FB7D0A6BE8} = {827E0CD3-B72D-47B6-A68D-7590B98EB39B}
		{5F95D3E4-3629-4AC9-BF5D-8A9803C30C31} = {57D842A4-3BFA-1DF7-889F-81FB7D0A6BE8}
		{6C160444-74AD-497E-A01C-CA0FA25C79C5} = {57D842A4-3BFA-1DF7-889F-81FB7D0A6BE8}
		{76073D98-2A50-4D47-A219-62DF4A625A3C} = {57D842A4-3BFA-1DF7-889F-81FB7D0A6BE8}
		{C103BBBE-12F5-44BF-9382-D5A4F2638CAD} = {57D842A4-3BFA-1DF7-889F-81FB7D0A6BE8}
		{610DDA53-6DB9-4815-8C64-BF0EA1C34A9F} = {57D842A4-3BFA-1DF7-889F-81FB7D0A6BE8}
		{F43E5553-D0A9-4B96-80F2-F78E5C939AB8} = {827E0CD3-B72D-47B6-A68D-7590B98EB39B}
		{332C6FAA-3290-4057-95B5-6DD55B8B5D33} = {827E0CD3-B72D-47B6-A68D-7590B98EB39B}
	EndGlobalSection
EndGlobal
